
Microsoft Visual Studio Solution File, Format Version 12.00
# Visual Studio Version 17
VisualStudioVersion = 17.10.35013.160
MinimumVisualStudioVersion = 10.0.40219.1
Project("{FAE04EC0-301F-11D3-BF4B-00C04F79EFBC}") = "WitchSaga", "WitchSaga.csproj", "{DFEFDCF3-8CE2-44A3-A3F7-4CA84DAEBC8B}"
EndProject
Global
	GlobalSection(SolutionConfigurationPlatforms) = preSolution
		Debug|Any CPU = Debug|Any CPU
		Release|Any CPU = Release|Any CPU
	EndGlobalSection
	GlobalSection(ProjectConfigurationPlatforms) = postSolution
		{DFEFDCF3-8CE2-44A3-A3F7-4CA84DAEBC8B}.Debug|Any CPU.ActiveCfg = Debug|Any CPU
		{DFEFDCF3-8CE2-44A3-A3F7-4CA84DAEBC8B}.Debug|Any CPU.Build.0 = Debug|Any CPU
		{DFEFDCF3-8CE2-44A3-A3F7-4CA84DAEBC8B}.Release|Any CPU.ActiveCfg = Release|Any CPU
		{DFEFDCF3-8CE2-44A3-A3F7-4CA84DAEBC8B}.Release|Any CPU.Build.0 = Release|Any CPU
	EndGlobalSection
	GlobalSection(SolutionProperties) = preSolution
		HideSolutionNode = FALSE
	EndGlobalSection
	GlobalSection(ExtensibilityGlobals) = postSolution
		SolutionGuid = {AC5513F7-4B7B-4F67-B00D-267A25C0BA8A}
	EndGlobalSection
EndGlobal
